
Microsoft Visual Studio Solution File, Format Version 12.00
# Visual Studio Version 17
VisualStudioVersion = 17.7.34024.191
MinimumVisualStudioVersion = 10.0.40219.1
Project("{FAE04EC0-301F-11D3-BF4B-00C04F79EFBC}") = "Assignment2_Entity", "Assignment2_Entity.csproj", "{07118FB4-1B05-4248-B5E8-F3BF3D824D8F}"
EndProject
Global
	GlobalSection(SolutionConfigurationPlatforms) = preSolution
		Debug|Any CPU = Debug|Any CPU
		Release|Any CPU = Release|Any CPU
	EndGlobalSection
	GlobalSection(ProjectConfigurationPlatforms) = postSolution
		{07118FB4-1B05-4248-B5E8-F3BF3D824D8F}.Debug|Any CPU.ActiveCfg = Debug|Any CPU
		{07118FB4-1B05-4248-B5E8-F3BF3D824D8F}.Debug|Any CPU.Build.0 = Debug|Any CPU
		{07118FB4-1B05-4248-B5E8-F3BF3D824D8F}.Release|Any CPU.ActiveCfg = Release|Any CPU
		{07118FB4-1B05-4248-B5E8-F3BF3D824D8F}.Release|Any CPU.Build.0 = Release|Any CPU
	EndGlobalSection
	GlobalSection(SolutionProperties) = preSolution
		HideSolutionNode = FALSE
	EndGlobalSection
	GlobalSection(ExtensibilityGlobals) = postSolution
		SolutionGuid = {0B7F5368-37C7-4D53-9797-ACA682AA521C}
	EndGlobalSection
EndGlobal
